
Microsoft Visual Studio Solution File, Format Version 12.00
# Visual Studio 15
VisualStudioVersion = 15.0.26730.15
MinimumVisualStudioVersion = 10.0.40219.1
Project("{FAE04EC0-301F-11D3-BF4B-00C04F79EFBC}") = "mathquiz2", "mathquiz2\mathquiz2.csproj", "{348ACE74-9E7F-4E5B-A618-B563B177DD08}"
EndProject
Global
	GlobalSection(SolutionConfigurationPlatforms) = preSolution
		Debug|Any CPU = Debug|Any CPU
		Release|Any CPU = Release|Any CPU
	EndGlobalSection
	GlobalSection(ProjectConfigurationPlatforms) = postSolution
		{348ACE74-9E7F-4E5B-A618-B563B177DD08}.Debug|Any CPU.ActiveCfg = Debug|Any CPU
		{348ACE74-9E7F-4E5B-A618-B563B177DD08}.Debug|Any CPU.Build.0 = Debug|Any CPU
		{348ACE74-9E7F-4E5B-A618-B563B177DD08}.Release|Any CPU.ActiveCfg = Release|Any CPU
		{348ACE74-9E7F-4E5B-A618-B563B177DD08}.Release|Any CPU.Build.0 = Release|Any CPU
	EndGlobalSection
	GlobalSection(SolutionProperties) = preSolution
		HideSolutionNode = FALSE
	EndGlobalSection
	GlobalSection(ExtensibilityGlobals) = postSolution
		SolutionGuid = {1556067C-BA23-4C11-898C-04F947355F78}
	EndGlobalSection
EndGlobal
